
Microsoft Visual Studio Solution File, Format Version 12.00
# Visual Studio Version 17
VisualStudioVersion = 17.0.32014.148
MinimumVisualStudioVersion = 10.0.40219.1
Project("{FAE04EC0-301F-11D3-BF4B-00C04F79EFBC}") = "AngularBlogCore.API", "AngularBlogCore.API\AngularBlogCore.API.csproj", "{A2E41099-D7D7-4B9E-994E-82374B41458A}"
EndProject
Global
	GlobalSection(SolutionConfigurationPlatforms) = preSolution
		Debug|Any CPU = Debug|Any CPU
		Release|Any CPU = Release|Any CPU
	EndGlobalSection
	GlobalSection(ProjectConfigurationPlatforms) = postSolution
		{A2E41099-D7D7-4B9E-994E-82374B41458A}.Debug|Any CPU.ActiveCfg = Debug|Any CPU
		{A2E41099-D7D7-4B9E-994E-82374B41458A}.Debug|Any CPU.Build.0 = Debug|Any CPU
		{A2E41099-D7D7-4B9E-994E-82374B41458A}.Release|Any CPU.ActiveCfg = Release|Any CPU
		{A2E41099-D7D7-4B9E-994E-82374B41458A}.Release|Any CPU.Build.0 = Release|Any CPU
	EndGlobalSection
	GlobalSection(SolutionProperties) = preSolution
		HideSolutionNode = FALSE
	EndGlobalSection
	GlobalSection(ExtensibilityGlobals) = postSolution
		SolutionGuid = {E7E40BEB-B67D-43EA-88BB-CB8D234015F8}
	EndGlobalSection
EndGlobal
